github.com/go-gl/mathgl v0.0.0-20190713194549-592312d8590a h1:yoAEv7yeWqfL/l9A/J5QOndXIJCldv+uuQB1DSNQbS0=
github.com/go-gl/mathgl v0.0.0-20190713194549-592312d8590a/go.mod h1:yhpkQzEiH9yPyxDUGzkmgScbaBVlhC06qodikEM0ZwQ=
github.com/tristanstraub/astergoids v0.0.0-20160303021910-5feb9c035a5f h1:RLFbFnfDcv5DXlaHr+9glmQ4CWFgUcjNaBDMCjyfeS0=
github.com/tristanstraub/astergoids v0.0.0-20160303021910-5feb9c035a5f/go.mod h1:9CryA/FOY9EHuwyaRfofArbyJgJChfduZgozC8YB9uA=
github.com/veandco/go-sdl2 v0.4.1 h1:HmSBvVmKWI8LAOeCfTTM8R33rMyPcs6U3o8n325c9Qg=
github.com/veandco/go-sdl2 v0.4.1/go.mod h1:FB+kTpX9YTE+urhYiClnRzpOXbiWgaU3+5F2AB78DPg=
golang.org/x/image v0.0.0-20190321063152-3fc05d484e9f h1:FO4MZ3N56GnxbqxGKqh+YTzUWQ2sDwtFQEZgLOxh9Jc=
golang.org/x/image v0.0.0-20190321063152-3fc05d484e9f/go.mod h1:kZ7UVZpmo3dzQBMxlp+ypCbDeSB+sBbTgSJuh5dn5js=
golang.org/x/text v0.3.0/go.mod h1:NqM8EUOU14njkJ3fqMW+pc6Ldnwhi/IjpwHt7yyuwOQ=
